
Microsoft Visual Studio Solution File, Format Version 12.00
# Visual Studio Version 16
VisualStudioVersion = 16.0.29424.173
MinimumVisualStudioVersion = 10.0.40219.1
Project("{9A19103F-16F7-4668-BE54-9A1E7A4F7556}") = "NukeCalculator.Cli", "NukeCalculator.Cli\NukeCalculator.Cli.csproj", "{9AC43AEE-2F06-480C-AA00-10386F49F26C}"
EndProject
Project("{9A19103F-16F7-4668-BE54-9A1E7A4F7556}") = "NukeCalculator.Tests", "NukeCalculator.Tests\NukeCalculator.Tests.csproj", "{8092B404-F746-44BE-80D7-1F3647F1AA05}"
EndProject
Project("{9A19103F-16F7-4668-BE54-9A1E7A4F7556}") = "_build", "..\build\_build.csproj", "{174E71D4-F894-47BF-A511-8FDD8729E27F}"
EndProject
Global
	GlobalSection(SolutionConfigurationPlatforms) = preSolution
		Debug|Any CPU = Debug|Any CPU
		Release|Any CPU = Release|Any CPU
	EndGlobalSection
	GlobalSection(ProjectConfigurationPlatforms) = postSolution
		{174E71D4-F894-47BF-A511-8FDD8729E27F}.Debug|Any CPU.ActiveCfg = Debug|Any CPU
		{174E71D4-F894-47BF-A511-8FDD8729E27F}.Release|Any CPU.ActiveCfg = Release|Any CPU
		{9AC43AEE-2F06-480C-AA00-10386F49F26C}.Debug|Any CPU.ActiveCfg = Debug|Any CPU
		{9AC43AEE-2F06-480C-AA00-10386F49F26C}.Debug|Any CPU.Build.0 = Debug|Any CPU
		{9AC43AEE-2F06-480C-AA00-10386F49F26C}.Release|Any CPU.ActiveCfg = Release|Any CPU
		{9AC43AEE-2F06-480C-AA00-10386F49F26C}.Release|Any CPU.Build.0 = Release|Any CPU
		{8092B404-F746-44BE-80D7-1F3647F1AA05}.Debug|Any CPU.ActiveCfg = Debug|Any CPU
		{8092B404-F746-44BE-80D7-1F3647F1AA05}.Debug|Any CPU.Build.0 = Debug|Any CPU
		{8092B404-F746-44BE-80D7-1F3647F1AA05}.Release|Any CPU.ActiveCfg = Release|Any CPU
		{8092B404-F746-44BE-80D7-1F3647F1AA05}.Release|Any CPU.Build.0 = Release|Any CPU
	EndGlobalSection
	GlobalSection(SolutionProperties) = preSolution
		HideSolutionNode = FALSE
	EndGlobalSection
	GlobalSection(ExtensibilityGlobals) = postSolution
		SolutionGuid = {CE8EC8AE-7334-412D-8642-22854C3B1573}
	EndGlobalSection
EndGlobal
